
Microsoft Visual Studio Solution File, Format Version 12.00
# Blend for Visual Studio 15
VisualStudioVersion = 15.0.27703.2035
MinimumVisualStudioVersion = 10.0.40219.1
Project("{FAE04EC0-301F-11D3-BF4B-00C04F79EFBC}") = "MicroManager.Timer.WPF", "MicroManager.Timer.WPF.csproj", "{5507068D-064D-46E4-A9DF-A8C798899A2A}"
EndProject
Global
	GlobalSection(SolutionConfigurationPlatforms) = preSolution
		Debug|Any CPU = Debug|Any CPU
		Release|Any CPU = Release|Any CPU
	EndGlobalSection
	GlobalSection(ProjectConfigurationPlatforms) = postSolution
		{5507068D-064D-46E4-A9DF-A8C798899A2A}.Debug|Any CPU.ActiveCfg = Debug|Any CPU
		{5507068D-064D-46E4-A9DF-A8C798899A2A}.Debug|Any CPU.Build.0 = Debug|Any CPU
		{5507068D-064D-46E4-A9DF-A8C798899A2A}.Release|Any CPU.ActiveCfg = Release|Any CPU
		{5507068D-064D-46E4-A9DF-A8C798899A2A}.Release|Any CPU.Build.0 = Release|Any CPU
	EndGlobalSection
	GlobalSection(SolutionProperties) = preSolution
		HideSolutionNode = FALSE
	EndGlobalSection
	GlobalSection(ExtensibilityGlobals) = postSolution
		SolutionGuid = {CF3F2FAB-976C-469F-B068-D15D84A07D9B}
	EndGlobalSection
EndGlobal
