
Microsoft Visual Studio Solution File, Format Version 12.00
# Visual Studio 15
VisualStudioVersion = 15.0.27703.2035
MinimumVisualStudioVersion = 10.0.40219.1
Project("{FAE04EC0-301F-11D3-BF4B-00C04F79EFBC}") = "MicroManager.WinForms", "MicroManager.WinForms\MicroManager.WinForms.csproj", "{9371959B-5E08-45E4-906F-A42783DC11B9}"
EndProject
Project("{FAE04EC0-301F-11D3-BF4B-00C04F79EFBC}") = "MicroManager.Timer.WPF", "MicroManager.WPF\MicroManager.Timer.WPF.csproj", "{5507068D-064D-46E4-A9DF-A8C798899A2A}"
EndProject
Project("{9A19103F-16F7-4668-BE54-9A1E7A4F7556}") = "MicroManager.Timer.Core", "MicroManager.Timer.Core\MicroManager.Timer.Core.csproj", "{0E28B753-30EB-445B-B079-0ABF3BA9D065}"
EndProject
Project("{9A19103F-16F7-4668-BE54-9A1E7A4F7556}") = "MicroManager.Timer.Tests", "MicroManager.Timer.Tests\MicroManager.Timer.Tests.csproj", "{F02B5965-E43A-44D4-9A61-10CC676198C9}"
EndProject
Global
	GlobalSection(SolutionConfigurationPlatforms) = preSolution
		Debug|Any CPU = Debug|Any CPU
		Release|Any CPU = Release|Any CPU
	EndGlobalSection
	GlobalSection(ProjectConfigurationPlatforms) = postSolution
		{9371959B-5E08-45E4-906F-A42783DC11B9}.Debug|Any CPU.ActiveCfg = Debug|Any CPU
		{9371959B-5E08-45E4-906F-A42783DC11B9}.Debug|Any CPU.Build.0 = Debug|Any CPU
		{9371959B-5E08-45E4-906F-A42783DC11B9}.Release|Any CPU.ActiveCfg = Release|Any CPU
		{9371959B-5E08-45E4-906F-A42783DC11B9}.Release|Any CPU.Build.0 = Release|Any CPU
		{5507068D-064D-46E4-A9DF-A8C798899A2A}.Debug|Any CPU.ActiveCfg = Debug|Any CPU
		{5507068D-064D-46E4-A9DF-A8C798899A2A}.Debug|Any CPU.Build.0 = Debug|Any CPU
		{5507068D-064D-46E4-A9DF-A8C798899A2A}.Release|Any CPU.ActiveCfg = Release|Any CPU
		{5507068D-064D-46E4-A9DF-A8C798899A2A}.Release|Any CPU.Build.0 = Release|Any CPU
		{0E28B753-30EB-445B-B079-0ABF3BA9D065}.Debug|Any CPU.ActiveCfg = Debug|Any CPU
		{0E28B753-30EB-445B-B079-0ABF3BA9D065}.Debug|Any CPU.Build.0 = Debug|Any CPU
		{0E28B753-30EB-445B-B079-0ABF3BA9D065}.Release|Any CPU.ActiveCfg = Release|Any CPU
		{0E28B753-30EB-445B-B079-0ABF3BA9D065}.Release|Any CPU.Build.0 = Release|Any CPU
		{F02B5965-E43A-44D4-9A61-10CC676198C9}.Debug|Any CPU.ActiveCfg = Debug|Any CPU
		{F02B5965-E43A-44D4-9A61-10CC676198C9}.Debug|Any CPU.Build.0 = Debug|Any CPU
		{F02B5965-E43A-44D4-9A61-10CC676198C9}.Release|Any CPU.ActiveCfg = Release|Any CPU
		{F02B5965-E43A-44D4-9A61-10CC676198C9}.Release|Any CPU.Build.0 = Release|Any CPU
	EndGlobalSection
	GlobalSection(SolutionProperties) = preSolution
		HideSolutionNode = FALSE
	EndGlobalSection
	GlobalSection(ExtensibilityGlobals) = postSolution
		SolutionGuid = {D7FF8B0B-A274-458B-A07B-2AD81211D450}
	EndGlobalSection
EndGlobal
